{
  "name": "react-example",
  "version": "0.0.0",
  "lockfileVersion": 3,
  "requires": true,
  "packages": {
    "": {
      "name": "react-example",
      "version": "0.0.0",
      "type": "module",
      "dependencies": {
        "@google/genai": "^2.4.0",
        "@tailwindcss/vite": "^4.3.3",
        "@vitejs/plugin-react": "^6.1.1",
        "dotenv": "^17.2.3",
        "express": "^4.21.2",
        "lucide-react": "^0.546.0",
        "motion": "^12.23.24",
        "react": "^19.0.1",
        "react-dom": "^19.0.1",
        "vite": "^8.3.0"
      },
      "devDependencies": {
        "@types/express": "^4.17.21",
        "@types/node": "^22.14.0",
        "@types/react": "^19.3.0",
        "@types/react-dom": "^19.3.0",
        "autoprefixer": "^10.4.21",
        "esbuild": "^0.28.0",
        "tailwindcss": "^4.3.3",
        "tsx": "^4.21.0",
        "typescript": "^7.0.2"
      }
    },
    "node_modules/@esbuild/aix-ppc64": {
      "version": "0.28.2",
      "resolved": "https://registry.npmjs.org/@esbuild/aix-ppc64/-/aix-ppc64-0.28.2.tgz",
      "integrity": "sha512-TrY5JCbJjUkJsHN7j0g5gQgnhWbvFHxD9qUhH7V9nCQmPFTjXY4HrtFg5hEaOvPsLF0MFccT5r34j9HS8O9pPw==",
      "cpu": ["ppc64"],
      "dev": true,
      "optional": true,
      "os": ["aix"],
      "engines": {
        "node": ">=18"
      }
    },
    "node_modules/@esbuild/android-arm": {
      "version": "0.28.2",
      "resolved": "https://registry.npmjs.org/@esbuild/android-arm/-/android-arm-0.28.2.tgz",
      "integrity": "sha512-BX9m7xI4d87jKO8A8DfGQU7l51jGkRpqvJI7m41GLqCPwwLu0LQM8TqJTHc7QrBbBJ+E0Bvw1CWJKbDJRzwdyQ==",
      "cpu": ["arm"],
      "dev": true,
      "optional": true,
      "os": ["android"],
      "engines": {
        "node": ">=18"
      }
    },
    "node_modules/@esbuild/android-arm64": {
      "version": "0.28.2",
      "resolved": "https://registry.npmjs.org/@esbuild/android-arm64/-/android-arm64-0.28.2.tgz",
      "integrity": "sha512-ggb0jfFHg+PElFJOzWzHxjTGr1YWZP0d16tq7xyB7dLvMLECVMjSiNd7yL/I0ZjQ5RDN4wZuCqBKKfTHr3BLw==",
      "cpu": ["arm64"],
      "dev": true,
      "optional": true,
      "os": ["android"],
      "engines": {
        "node": ">=18"
      }
    },
    "node_modules/@esbuild/android-x64": {
      "version": "0.28.2",
      "resolved": "https://registry.npmjs.org/@esbuild/android-x64/-/android-x64-0.28.2.tgz",
      "integrity": "sha512-eAGbzJVr7pFbFUPj2L1w7xQYTvD6k0VKU1E/lYNXiB0Nqeq8p49J8KdMvXoW/JNIaAEe1b8dL+u9E6lhL8MXA==",
      "cpu": ["x64"],
      "dev": true,
      "optional": true,
      "os": ["android"],
      "engines": {
        "node": ">=18"
      }
    },
    "node_modules/@esbuild/darwin-arm64": {
      "version": "0.28.2",
      "resolved": "https://registry.npmjs.org/@esbuild/darwin-arm64/-/darwin-arm64-0.28.2.tgz",
      "integrity": "sha512-Y3eaRb5lQMHZfmM1/0aZF4T0l8T0/Ek1hRPbVj3+WyOXQvg1pbnG1hLJQEUALjXCWDvDYZVxN6iEbAaRgxqOKg==",
      "cpu": ["arm64"],
      "dev": true,
      "optional": true,
      "os": ["darwin"],
      "engines": {
        "node": ">=18"
      }
    },
    "node_modules/@esbuild/darwin-x64": {
      "version": "0.28.2",
      "resolved": "https://registry.npmjs.org/@esbuild/darwin-x64/-/darwin-x64-0.28.2.tgz",
      "integrity": "sha512-hKP0MEcrKBvYm6qMw8rLXNzTBciqNB+f2qA2S7KqUHqp9AegNx9LBCcwcGdh0VBEhIyIBjq6N3L6eF+XxJMfQ==",
      "cpu": ["x64"],
      "dev": true,
      "optional": true,
      "os": ["darwin"],
      "engines": {
        "node": ">=18"
      }
    },
    "node_modules/@esbuild/freebsd-arm64": {
      "version": "0.28.2",
      "resolved": "https://registry.npmjs.org/@esbuild/freebsd-arm64/-/freebsd-arm64-0.28.2.tgz",
      "integrity": "sha512-3v+P+K2X8m7h9Ue+1jzpfLKY1i4RgJL8o7P7bKmPLq21M5UGtNJmj+Wz0gSbNFxXPcvdJ0h7J0m6+/0qg9TUYg==",
      "cpu": ["arm64"],
      "dev": true,
      "optional": true,
      "os": ["freebsd"],
      "engines": {
        "node": ">=18"
      }
    },
    "node_modules/@esbuild/freebsd-x64": {
      "version": "0.28.2",
      "resolved": "https://registry.npmjs.org/@esbuild/freebsd-x64/-/freebsd-x64-0.28.2.tgz",
      "integrity": "sha512-IbB4zLQiPKp7oFfEz4GvMHz/wKcagdYMDpKqnhLCRAOFxCqr9Lw6FQ6kKP1u0+bXbJzLWpPcSMY8zqDpBukqJA==",
      "cpu": ["x64"],
      "dev": true,
      "optional": true,
      "os": ["freebsd"],
      "engines": {
        "node": ">=18"
      }
    },
    "node_modules/@esbuild/linux-arm": {
      "version": "0.28.2",
      "resolved": "https://registry.npmjs.org/@esbuild/linux-arm/-/linux-arm-0.28.2.tgz",
      "integrity": "sha512-lLyKP38+j2+e51pGl3i6wF0CTrvLuQJLvVLOTmVTfnXJvwRiC6b1k4HQmjqWFHVsWKPNZbx3Qua5x+CbSrOMXA==",
      "cpu": ["arm"],
      "dev": true,
      "optional": true,
      "os": ["linux"],
      "engines": {
        "node": ">=18"
      }
    },
    "node_modules/@esbuild/linux-arm64": {
      "version": "0.28.2",
      "resolved": "https://registry.npmjs.org/@esbuild/linux-arm64/-/linux-arm64-0.28.2.tgz",
      "integrity": "sha512-IVF7y4vWF8qDzqaX6QW4yuC83uGHdxcIVT1Gq7aUe+YnTr8zCNrR5PZw4s6wH/OHbRyMdR4l5VY7i7t6pYbJ7Q==",
      "cpu": ["arm64"],
      "dev": true,
      "optional": true,
      "os": ["linux"],
      "engines": {
        "node": ">=18"
      }
    },
    "node_modules/@esbuild/linux-ia32": {
      "version": "0.28.2",
      "resolved": "https://registry.npmjs.org/@esbuild/linux-ia32/-/linux-ia32-0.28.2.tgz",
      "integrity": "sha512-eF+0oT2AKP6y2S0LBfDQbXvV8naMJzW/9lLKNNnPqrYKdxqq2R4z1YqmG+2Sb2gtKnDln5pJlK/P5fPmr0jFhQ==",
      "cpu": ["ia32"],
      "dev": true,
      "optional": true,
      "os": ["linux"],
      "engines": {
        "node": ">=18"
      }
    },
    "node_modules/@esbuild/linux-loong64": {
      "version": "0.28.2",
      "resolved": "https://registry.npmjs.org/@esbuild/linux-loong64/-/linux-loong64-0.28.2.tgz",
      "integrity": "sha512-3Rkt5f7DZpxH4GCvJ0LYDI8cVvpWAp3eBPHfQCdP7Z/4uiLlczQg4EvJeKxLIm+AZKTbLJKbPg6TJoYyzvzcsg==",
      "cpu": ["loong64"],
      "dev": true,
      "optional": true,
      "os": ["linux"],
      "engines": {
        "node": ">=18"
      }
    },
    "node_modules/@esbuild/linux-mips64el": {
      "version": "0.28.2",
      "resolved": "https://registry.npmjs.org/@esbuild/linux-mips64el/-/linux-mips64el-0.28.2.tgz",
      "integrity": "sha512-9HA6t1T5c7YqzKFwZI1TXQvKH/sKxZAP8WqR5GnP4BjNAh5YtMAn7xfvlcN3mW3IUSRB9LCjgxM7ZFPA==",
      "cpu": ["mips64el"],
      "dev": true,
      "optional": true,
      "os": ["linux"],
      "engines": {
        "node": ">=18"
      }
    },
    "node_modules/@esbuild/linux-ppc64": {
      "version": "0.28.2",
      "resolved": "https://registry.npmjs.org/@esbuild/linux-ppc64/-/linux-ppc64-0.28.2.tgz",
      "integrity": "sha512-YPfAW1d7V9V7K5bxKdKhvzGLl7LiBRo93wAURmv9c8y8+QJeepJh5MpMRmFoJL6FRx8T0wB7NpKbXjXdv0fLMw==",
      "cpu": ["ppc64"],
      "dev": true,
      "optional": true,
      "os": ["linux"],
      "engines": {
        "node": ">=18"
      }
    },
    "node_modules/@esbuild/linux-riscv64": {
      "version": "0.28.2",
      "resolved": "https://registry.npmjs.org/@esbuild/linux-riscv64/-/linux-riscv64-0.28.2.tgz",
      "integrity": "sha512-T0YH9gIdbAT2sVXfj+Vhxx4dPXSXBBr+BHl9oV2+8VYkzvTLpLLDaVxPqGXbg8YT2qOBJXKZRvVg0X3hxz6v3w==",
      "cpu": ["riscv64"],
      "dev": true,
      "optional": true,
      "os": ["linux"],
      "engines": {
        "node": ">=18"
      }
    },
    "node_modules/@esbuild/linux-s390x": {
      "version": "0.28.2",
      "resolved": "https://registry.npmjs.org/@esbuild/linux-s390x/-/linux-s390x-0.28.2.tgz",
      "integrity": "sha512-jNGCeQs4vT76MQvmjhL/N0C6kRMXMkYhSgvVYjjVm9xDXZOV3wKHEz/hjZhV8o0nPVGD5DGFvDSHCL6rqz8w0Q==",
      "cpu": ["s390x"],
      "dev": true,
      "optional": true,
      "os": ["linux"],
      "engines": {
        "node": ">=18"
      }
    },
    "node_modules/@esbuild/linux-x64": {
      "version": "0.28.2",
      "resolved": "https://registry.npmjs.org/@esbuild/linux-x64/-/linux-x64-0.28.2.tgz",
      "integrity": "sha512-Z2GKt6zEfqM7qCxM1c0LKvg+9D7nzjQ3qFe4x3msR6SLvGb0f7+wVzuEuNwEpSfVp8k1ZZ6g9oSwVDvfDu4Wuw==",
      "cpu": ["x64"],
      "dev": true,
      "optional": true,
      "os": ["linux"],
      "engines": {
        "node": ">=18"
      }
    },
    "node_modules/@esbuild/netbsd-arm64": {
      "version": "0.28.2",
      "resolved": "https://registry.npmjs.org/@esbuild/netbsd-arm64/-/netbsd-arm64-0.28.2.tgz",
      "integrity": "sha512-R6ZH1PD0JTqPPTDkf4d3YW3w7VN4mqeN/6lYhYCp9c5JblPv5JRyNJpCYuGiLH/t3B2D6Q9pj0vPqaagCHhNiw==",
      "cpu": ["arm64"],
      "dev": true,
      "optional": true,
      "os": ["netbsd"],
      "engines": {
        "node": ">=18"
      }
    },
    "node_modules/@esbuild/netbsd-x64": {
      "version": "0.28.2",
      "resolved": "https://registry.npmjs.org/@esbuild/netbsd-x64/-/netbsd-x64-0.28.2.tgz",
      "integrity": "sha512-v+YGqKaWqx1AQLT1x0DUo5OMekZmLSl/QqZQSzpPoXLgz2gBZ3R1d1QRZxGJ4Ov/E6hkB8cGfwBuLBOJCG5OVQ==",
      "cpu": ["x64"],
      "dev": true,
      "optional": true,
      "os": ["netbsd"],
      "engines": {
        "node": ">=18"
      }
    },
    "node_modules/@esbuild/openbsd-arm64": {
      "version": "0.28.2",
      "resolved": "https://registry.npmjs.org/@esbuild/openbsd-arm64/-/openbsd-arm64-0.28.2.tgz",
      "integrity": "sha512-9Gc8DQ4mJBJT5ZS8ZMeGq8QBZD89zd1X0gA1NWVN6i8Fkya4KBf+L0ks2l1N5/MZrcMq2N7Wur5DX3DfQg6Iw==",
      "cpu": ["arm64"],
      "dev": true,
      "optional": true,
      "os": ["openbsd"],
      "engines": {
        "node": ">=18"
      }
    },
    "node_modules/@esbuild/openbsd-x64": {
      "version": "0.28.2",
      "resolved": "https://registry.npmjs.org/@esbuild/openbsd-x64/-/openbsd-x64-0.28.2.tgz",
      "integrity": "sha512-+WE6YgIWYWvKP+n5pU3m6h3H/QbYN6U1iWGHbv6OFb3QVqB+HCwBnVyC20wKUZTl5+cHKbTVn6PbPd1YF8S+g==",
      "cpu": ["x64"],
      "dev": true,
      "optional": true,
      "os": ["openbsd"],
      "engines": {
        "node": ">=18"
      }
    },
    "node_modules/@esbuild/openharmony-arm64": {
      "version": "0.28.2",
      "resolved": "https://registry.npmjs.org/@esbuild/openharmony-arm64/-/openharmony-arm64-0.28.2.tgz",
      "integrity": "sha512-S7mphb8Rk+SRonGJ/0Xyaew5u8UmXMJYlhz2z4bRFkVlGfm8N+bDnxE1PO6qqqDvdkLSxhKl8zKvC38uM0v/rQ==",
      "cpu": ["arm64"],
      "dev": true,
      "optional": true,
      "os": ["openharmony"],
      "engines": {
        "node": ">=18"
      }
    },
    "node_modules/@esbuild/sunos-x64": {
      "version": "0.28.2",
      "resolved": "https://registry.npmjs.org/@esbuild/sunos-x64/-/sunos-x64-0.28.2.tgz",
      "integrity": "sha512-5Kz6taqC/bNLcWdL9c6IzYYO5Erc3IvqyZNNXgqU8q7hKePRSMqpVfpKsUjSITAZ/J9KeG6sCMBp2P3A+BcKQ==",
      "cpu": ["x64"],
      "dev": true,
      "optional": true,
      "os": ["sunos"],
      "engines": {
        "node": ">=18"
      }
    },
    "node_modules/@esbuild/win32-arm64": {
      "version": "0.28.2",
      "resolved": "https://registry.npmjs.org/@esbuild/win32-arm64/-/win32-arm64-0.28.2.tgz",
      "integrity": "sha512-2qYkGnhqVhYp7n3nwZ2LqJmfx1RJ/DaO6HnINSM6fIBG3qCvJ0JnGqJx3qEAMQu8Y+MlYFqnvHQP7lfaKNvYrQ==",
      "cpu": ["arm64"],
      "dev": true,
      "optional": true,
      "os": ["win32"],
      "engines": {
        "node": ">=18"
      }
    },
    "node_modules/@esbuild/win32-ia32": {
      "version": "0.28.2",
      "resolved": "https://registry.npmjs.org/@esbuild/win32-ia32/-/win32-ia32-0.28.2.tgz",
      "integrity": "sha512-0JrZngz0oJH6uh4+YXvHDHZJjMzvHNYQn9Uz7ZQUXm4rw8KZqRVIKHE4VdAhEbhLkPEGXqNw7LSF/qC9K8p2Qg==",
      "cpu": ["ia32"],
      "dev": true,
      "optional": true,
      "os": ["win32"],
      "engines": {
        "node": ">=18"
      }
    },
    "node_modules/@esbuild/win32-x64": {
      "version": "0.28.2",
      "resolved": "https://registry.npmjs.org/@esbuild/win32-x64/-/win32-x64-0.28.2.tgz",
      "integrity": "sha512-5kPPZQ6SLVlzYEf8B5hWGYgkxRzEy4MvCW1YI5fQv6pz4BxLADfqO72pO1CAeN6IQNL4ljbCpZNhbozryG4L+g==",
      "cpu": ["x64"],
      "dev": true,
      "optional": true,
      "os": ["win32"],
      "engines": {
        "node": ">=18"
      }
    },
    "node_modules/esbuild": {
      "version": "0.28.2",
      "resolved": "https://registry.npmjs.org/esbuild/-/esbuild-0.28.2.tgz",
      "integrity": "sha512-4gVwQvb2h6NNLpJK6f6xVCnvuNmqxnJ3kZwZF/H5KT1ubqKvfRHjPWg06L+0c3y7z0g4N/VdhJ7m7LxcY3xJ7w==",
      "dev": true,
      "hasInstallScript": true,
      "bin": {
        "esbuild": "bin/esbuild"
      },
      "engines": {
        "node": ">=18"
      },
      "optionalDependencies": {
        "@esbuild/aix-ppc64": "0.28.2",
        "@esbuild/android-arm": "0.28.2",
        "@esbuild/android-arm64": "0.28.2",
        "@esbuild/android-x64": "0.28.2",
        "@esbuild/darwin-arm64": "0.28.2",
        "@esbuild/darwin-x64": "0.28.2",
        "@esbuild/freebsd-arm64": "0.28.2",
        "@esbuild/freebsd-x64": "0.28.2",
        "@esbuild/linux-arm": "0.28.2",
        "@esbuild/linux-arm64": "0.28.2",
        "@esbuild/linux-ia32": "0.28.2",
        "@esbuild/linux-loong64": "0.28.2",
        "@esbuild/linux-mips64el": "0.28.2",
        "@esbuild/linux-ppc64": "0.28.2",
        "@esbuild/linux-riscv64": "0.28.2",
        "@esbuild/linux-s390x": "0.28.2",
        "@esbuild/linux-x64": "0.28.2",
        "@esbuild/netbsd-arm64": "0.28.2",
        "@esbuild/netbsd-x64": "0.28.2",
        "@esbuild/openbsd-arm64": "0.28.2",
        "@esbuild/openbsd-x64": "0.28.2",
        "@esbuild/openharmony-arm64": "0.28.2",
        "@esbuild/sunos-x64": "0.28.2",
        "@esbuild/win32-arm64": "0.28.2",
        "@esbuild/win32-ia32": "0.28.2",
        "@esbuild/win32-x64": "0.28.2"
      }
    }
  }
}
